// !$*UTF8*$!
{
	archiveVersion = 1;
	classes = {
	};
	objectVersion = 46;
	objects = {

/* Begin PBXBuildFile section */
		E70CA14A1CA010BB001037DA /* AppDelegate.swift in Sources */ = {isa = PBXBuildFile; fileRef = E70CA1491CA010BB001037DA /* AppDelegate.swift */; };
		E70CA14F1CA010BB001037DA /* Main.storyboard in Resources */ = {isa = PBXBuildFile; fileRef = E70CA14D1CA010BB001037DA /* Main.storyboard */; };
		E70CA1511CA010BB001037DA /* Assets.xcassets in Resources */ = {isa = PBXBuildFile; fileRef = E70CA1501CA010BB001037DA /* Assets.xcassets */; };
		E70CA1541CA010BB001037DA /* LaunchScreen.storyboard in Resources */ = {isa = PBXBuildFile; fileRef = E70CA1521CA010BB001037DA /* LaunchScreen.storyboard */; };
		E70CA15C1CA0144A001037DA /* FlickrPhotosViewController.swift in Sources */ = {isa = PBXBuildFile; fileRef = E70CA15B1CA0144A001037DA /* FlickrPhotosViewController.swift */; };
		E70CA15E1CA01688001037DA /* FlickrSearcher.swift in Sources */ = {isa = PBXBuildFile; fileRef = E70CA15D1CA01688001037DA /* FlickrSearcher.swift */; };
		E70CA1601CA2171B001037DA /* FlickrPhotoCell.swift in Sources */ = {isa = PBXBuildFile; fileRef = E70CA15F1CA2171B001037DA /* FlickrPhotoCell.swift */; };
/* End PBXBuildFile section */

/* Begin PBXFileReference section */
		E70CA1461CA010BB001037DA /* FlickrSearch.app */ = {isa = PBXFileReference; explicitFileType = wrapper.application; includeInIndex = 0; path = FlickrSearch.app; sourceTree = BUILT_PRODUCTS_DIR; };
		E70CA1491CA010BB001037DA /* AppDelegate.swift */ = {isa = PBXFileReference; lastKnownFileType = sourcecode.swift; path = AppDelegate.swift; sourceTree = "<group>"; };
		E70CA14E1CA010BB001037DA /* Base */ = {isa = PBXFileReference; lastKnownFileType = file.storyboard; name = Base; path = Base.lproj/Main.storyboard; sourceTree = "<group>"; };
		E70CA1501CA010BB001037DA /* Assets.xcassets */ = {isa = PBXFileReference; lastKnownFileType = folder.assetcatalog; path = Assets.xcassets; sourceTree = "<group>"; };
		E70CA1531CA010BB001037DA /* Base */ = {isa = PBXFileReference; lastKnownFileType = file.storyboard; name = Base; path = Base.lproj/LaunchScreen.storyboard; sourceTree = "<group>"; };
		E70CA1551CA010BB001037DA /* Info.plist */ = {isa = PBXFileReference; lastKnownFileType = text.plist.xml; path = Info.plist; sourceTree = "<group>"; };
		E70CA15B1CA0144A001037DA /* FlickrPhotosViewController.swift */ = {isa = PBXFileReference; fileEncoding = 4; lastKnownFileType = sourcecode.swift; path = FlickrPhotosViewController.swift; sourceTree = "<group>"; };
		E70CA15D1CA01688001037DA /* FlickrSearcher.swift */ = {isa = PBXFileReference; fileEncoding = 4; lastKnownFileType = sourcecode.swift; path = FlickrSearcher.swift; sourceTree = "<group>"; };
		E70CA15F1CA2171B001037DA /* FlickrPhotoCell.swift */ = {isa = PBXFileReference; fileEncoding = 4; lastKnownFileType = sourcecode.swift; name = FlickrPhotoCell.swift; path = ../FlickrPhotoCell.swift; sourceTree = "<group>"; };
/* End PBXFileReference section */

/* Begin PBXFrameworksBuildPhase section */
		E70CA1431CA010BB001037DA /* Frameworks */ = {
			isa = PBXFrameworksBuildPhase;
			buildActionMask = 2147483647;
			files = (
			);
			runOnlyForDeploymentPostprocessing = 0;
		};
/* End PBXFrameworksBuildPhase section */

/* Begin PBXGroup section */
		E70CA13D1CA010BB001037DA = {
			isa = PBXGroup;
			children = (
				E70CA1481CA010BB001037DA /* FlickrSearch */,
				E70CA1471CA010BB001037DA /* Products */,
			);
			sourceTree = "<group>";
		};
		E70CA1471CA010BB001037DA /* Products */ = {
			isa = PBXGroup;
			children = (
				E70CA1461CA010BB001037DA /* FlickrSearch.app */,
			);
			name = Products;
			sourceTree = "<group>";
		};
		E70CA1481CA010BB001037DA /* FlickrSearch */ = {
			isa = PBXGroup;
			children = (
				E70CA15F1CA2171B001037DA /* FlickrPhotoCell.swift */,
				E70CA15D1CA01688001037DA /* FlickrSearcher.swift */,
				E70CA1491CA010BB001037DA /* AppDelegate.swift */,
				E70CA14D1CA010BB001037DA /* Main.storyboard */,
				E70CA15B1CA0144A001037DA /* FlickrPhotosViewController.swift */,
				E70CA1501CA010BB001037DA /* Assets.xcassets */,
				E70CA1521CA010BB001037DA /* LaunchScreen.storyboard */,
				E70CA1551CA010BB001037DA /* Info.plist */,
			);
			path = FlickrSearch;
			sourceTree = "<group>";
		};
/* End PBXGroup section */

/* Begin PBXNativeTarget section */
		E70CA1451CA010BB001037DA /* FlickrSearch */ = {
			isa = PBXNativeTarget;
			buildConfigurationList = E70CA1581CA010BB001037DA /* Build configuration list for PBXNativeTarget "FlickrSearch" */;
			buildPhases = (
				E70CA1421CA010BB001037DA /* Sources */,
				E70CA1431CA010BB001037DA /* Frameworks */,
				E70CA1441CA010BB001037DA /* Resources */,
			);
			buildRules = (
			);
			dependencies = (
			);
			name = FlickrSearch;
			productName = FlickrSearch;
			productReference = E70CA1461CA010BB001037DA /* FlickrSearch.app */;
			productType = "com.apple.product-type.application";
		};
/* End PBXNativeTarget section */

/* Begin PBXProject section */
		E70CA13E1CA010BB001037DA /* Project object */ = {
			isa = PBXProject;
			attributes = {
				LastSwiftUpdateCheck = 0720;
				LastUpgradeCheck = 0720;
				ORGANIZATIONNAME = WeiWen;
				TargetAttributes = {
					E70CA1451CA010BB001037DA = {
						CreatedOnToolsVersion = 7.2.1;
						DevelopmentTeam = 533UCNZ7K4;
					};
				};
			};
			buildConfigurationList = E70CA1411CA010BB001037DA /* Build configuration list for PBXProject "FlickrSearch" */;
			compatibilityVersion = "Xcode 3.2";
			developmentRegion = English;
			hasScannedForEncodings = 0;
			knownRegions = (
				en,
				Base,
			);
			mainGroup = E70CA13D1CA010BB001037DA;
			productRefGroup = E70CA1471CA010BB001037DA /* Products */;
			projectDirPath = "";
			projectRoot = "";
			targets = (
				E70CA1451CA010BB001037DA /* FlickrSearch */,
			);
		};
/* End PBXProject section */

/* Begin PBXResourcesBuildPhase section */
		E70CA1441CA010BB001037DA /* Resources */ = {
			isa = PBXResourcesBuildPhase;
			buildActionMask = 2147483647;
			files = (
				E70CA1541CA010BB001037DA /* LaunchScreen.storyboard in Resources */,
				E70CA1511CA010BB001037DA /* Assets.xcassets in Resources */,
				E70CA14F1CA010BB001037DA /* Main.storyboard in Resources */,
			);
			runOnlyForDeploymentPostprocessing = 0;
		};
/* End PBXResourcesBuildPhase section */

/* Begin PBXSourcesBuildPhase section */
		E70CA1421CA010BB001037DA /* Sources */ = {
			isa = PBXSourcesBuildPhase;
			buildActionMask = 2147483647;
			files = (
				E70CA15E1CA01688001037DA /* FlickrSearcher.swift in Sources */,
				E70CA1601CA2171B001037DA /* FlickrPhotoCell.swift in Sources */,
				E70CA15C1CA0144A001037DA /* FlickrPhotosViewController.swift in Sources */,
				E70CA14A1CA010BB001037DA /* AppDelegate.swift in Sources */,
			);
			runOnlyForDeploymentPostprocessing = 0;
		};
/* End PBXSourcesBuildPhase section */

/* Begin PBXVariantGroup section */
		E70CA14D1CA010BB001037DA /* Main.storyboard */ = {
			isa = PBXVariantGroup;
			children = (
				E70CA14E1CA010BB001037DA /* Base */,
			);
			name = Main.storyboard;
			sourceTree = "<group>";
		};
		E70CA1521CA010BB001037DA /* LaunchScreen.storyboard */ = {
			isa = PBXVariantGroup;
			children = (
				E70CA1531CA010BB001037DA /* Base */,
			);
			name = LaunchScreen.storyboard;
			sourceTree = "<group>";
		};
/* End PBXVariantGroup section */

/* Begin XCBuildConfiguration section */
		E70CA1561CA010BB001037DA /* Debug */ = {
			isa = XCBuildConfiguration;
			buildSettings = {
				ALWAYS_SEARCH_USER_PATHS = NO;
				CLANG_CXX_LANGUAGE_STANDARD = "gnu++0x";
				CLANG_CXX_LIBRARY = "libc++";
				CLANG_ENABLE_MODULES = YES;
				CLANG_ENABLE_OBJC_ARC = YES;
				CLANG_WARN_BOOL_CONVERSION = YES;
				CLANG_WARN_CONSTANT_CONVERSION = YES;
				CLANG_WARN_DIRECT_OBJC_ISA_USAGE = YES_ERROR;
				CLANG_WARN_EMPTY_BODY = YES;
				CLANG_WARN_ENUM_CONVERSION = YES;
				CLANG_WARN_INT_CONVERSION = YES;
				CLANG_WARN_OBJC_ROOT_CLASS = YES_ERROR;
				CLANG_WARN_UNREACHABLE_CODE = YES;
				CLANG_WARN__DUPLICATE_METHOD_MATCH = YES;
				"CODE_SIGN_IDENTITY[sdk=iphoneos*]" = "iPhone Developer";
				COPY_PHASE_STRIP = NO;
				DEBUG_INFORMATION_FORMAT = dwarf;
				ENABLE_STRICT_OBJC_MSGSEND = YES;
				ENABLE_TESTABILITY = YES;
				GCC_C_LANGUAGE_STANDARD = gnu99;
				GCC_DYNAMIC_NO_PIC = NO;
				GCC_NO_COMMON_BLOCKS = YES;
				GCC_OPTIMIZATION_LEVEL = 0;
				GCC_PREPROCESSOR_DEFINITIONS = (
					"DEBUG=1",
					"$(inherited)",
				);
				GCC_WARN_64_TO_32_BIT_CONVERSION = YES;
				GCC_WARN_ABOUT_RETURN_TYPE = YES_ERROR;
				GCC_WARN_UNDECLARED_SELECTOR = YES;
				GCC_WARN_UNINITIALIZED_AUTOS = YES_AGGRESSIVE;
				GCC_WARN_UNUSED_FUNCTION = YES;
				GCC_WARN_UNUSED_VARIABLE = YES;
				IPHONEOS_DEPLOYMENT_TARGET = 9.2;
				MTL_ENABLE_DEBUG_INFO = YES;
				ONLY_ACTIVE_ARCH = YES;
				SDKROOT = iphoneos;
				SWIFT_OPTIMIZATION_LEVEL = "-Onone";
				TARGETED_DEVICE_FAMILY = 2;
			};
			name = Debug;
		};
		E70CA1571CA010BB001037DA /* Release */ = {
			isa = XCBuildConfiguration;
			buildSettings = {
				ALWAYS_SEARCH_USER_PATHS = NO;
				CLANG_CXX_LANGUAGE_STANDARD = "gnu++0x";
				CLANG_CXX_LIBRARY = "libc++";
				CLANG_ENABLE_MODULES = YES;
				CLANG_ENABLE_OBJC_ARC = YES;
				CLANG_WARN_BOOL_CONVERSION = YES;
				CLANG_WARN_CONSTANT_CONVERSION = YES;
				CLANG_WARN_DIRECT_OBJC_ISA_USAGE = YES_ERROR;
				CLANG_WARN_EMPTY_BODY = YES;
				CLANG_WARN_ENUM_CONVERSION = YES;
				CLANG_WARN_INT_CONVERSION = YES;
				CLANG_WARN_OBJC_ROOT_CLASS = YES_ERROR;
				CLANG_WARN_UNREACHABLE_CODE = YES;
				CLANG_WARN__DUPLICATE_METHOD_MATCH = YES;
				"CODE_SIGN_IDENTITY[sdk=iphoneos*]" = "iPhone Developer";
				COPY_PHASE_STRIP = NO;
				DEBUG_INFORMATION_FORMAT = "dwarf-with-dsym";
				ENABLE_NS_ASSERTIONS = NO;
				ENABLE_STRICT_OBJC_MSGSEND = YES;
				GCC_C_LANGUAGE_STANDARD = gnu99;
				GCC_NO_COMMON_BLOCKS = YES;
				GCC_WARN_64_TO_32_BIT_CONVERSION = YES;
				GCC_WARN_ABOUT_RETURN_TYPE = YES_ERROR;
				GCC_WARN_UNDECLARED_SELECTOR = YES;
				GCC_WARN_UNINITIALIZED_AUTOS = YES_AGGRESSIVE;
				GCC_WARN_UNUSED_FUNCTION = YES;
				GCC_WARN_UNUSED_VARIABLE = YES;
				IPHONEOS_DEPLOYMENT_TARGET = 9.2;
				MTL_ENABLE_DEBUG_INFO = NO;
				SDKROOT = iphoneos;
				TARGETED_DEVICE_FAMILY = 2;
				VALIDATE_PRODUCT = YES;
			};
			name = Release;
		};
		E70CA1591CA010BB001037DA /* Debug */ = {
			isa = XCBuildConfiguration;
			buildSettings = {
				ASSETCATALOG_COMPILER_APPICON_NAME = AppIcon;
				INFOPLIST_FILE = FlickrSearch/Info.plist;
				LD_RUNPATH_SEARCH_PATHS = "$(inherited) @executable_path/Frameworks";
				PRODUCT_BUNDLE_IDENTIFIER = com.apress.FlickrSearch;
				PRODUCT_NAME = "$(TARGET_NAME)";
			};
			name = Debug;
		};
		E70CA15A1CA010BB001037DA /* Release */ = {
			isa = XCBuildConfiguration;
			buildSettings = {
				ASSETCATALOG_COMPILER_APPICON_NAME = AppIcon;
				INFOPLIST_FILE = FlickrSearch/Info.plist;
				LD_RUNPATH_SEARCH_PATHS = "$(inherited) @executable_path/Frameworks";
				PRODUCT_BUNDLE_IDENTIFIER = com.apress.FlickrSearch;
				PRODUCT_NAME = "$(TARGET_NAME)";
			};
			name = Release;
		};
/* End XCBuildConfiguration section */

/* Begin XCConfigurationList section */
		E70CA1411CA010BB001037DA /* Build configuration list for PBXProject "FlickrSearch" */ = {
			isa = XCConfigurationList;
			buildConfigurations = (
				E70CA1561CA010BB001037DA /* Debug */,
				E70CA1571CA010BB001037DA /* Release */,
			);
			defaultConfigurationIsVisible = 0;
			defaultConfigurationName = Release;
		};
		E70CA1581CA010BB001037DA /* Build configuration list for PBXNativeTarget "FlickrSearch" */ = {
			isa = XCConfigurationList;
			buildConfigurations = (
				E70CA1591CA010BB001037DA /* Debug */,
				E70CA15A1CA010BB001037DA /* Release */,
			);
			defaultConfigurationIsVisible = 0;
		};
/* End XCConfigurationList section */
	};
	rootObject = E70CA13E1CA010BB001037DA /* Project object */;
}
